// !$*UTF8*$!
{
	archiveVersion = 1;
	classes = {
	};
	objectVersion = 77;
	objects = {

/* Begin PBXBuildFile section */
		293282042EBD6BFA90E3A048 /* ChatSdk.xcframework in Frameworks */ = {isa = PBXBuildFile; fileRef = 49B107D91D1AC4FB50301691 /* ChatSdk.xcframework */; };
		3B6D0B8DF56C3C234BB333F7 /* ChatSdk.xcframework in Embed Frameworks */ = {isa = PBXBuildFile; fileRef = 49B107D91D1AC4FB50301691 /* ChatSdk.xcframework */; settings = {ATTRIBUTES = (CodeSignOnCopy, RemoveHeadersOnCopy, ); }; };
		674DB9AB8BB94548B4659911 /* YaloChatDemoApp.swift in Sources */ = {isa = PBXBuildFile; fileRef = A3502AF3994D977BB2687443 /* YaloChatDemoApp.swift */; };
		6F5A5B00189F413AC54EB39E /* YaloChat.swift in Sources */ = {isa = PBXBuildFile; fileRef = 6C966BE803A724D942922CAA /* YaloChat.swift */; };
		E65E5168702C7E1DFC950C7C /* ContentView.swift in Sources */ = {isa = PBXBuildFile; fileRef = BA6524E179EB88397E204954 /* ContentView.swift */; };
		E87B26E53C6C69473298A5A5 /* Credentials.swift in Sources */ = {isa = PBXBuildFile; fileRef = EAE541740117006132C1A380 /* Credentials.swift */; };
/* End PBXBuildFile section */

/* Begin PBXCopyFilesBuildPhase section */
		065FDEBDB472A792738FDE77 /* Embed Frameworks */ = {
			isa = PBXCopyFilesBuildPhase;
			buildActionMask = 2147483647;
			dstPath = "";
			dstSubfolderSpec = 10;
			files = (
				3B6D0B8DF56C3C234BB333F7 /* ChatSdk.xcframework in Embed Frameworks */,
			);
			name = "Embed Frameworks";
			runOnlyForDeploymentPostprocessing = 0;
		};
/* End PBXCopyFilesBuildPhase section */

/* Begin PBXFileReference section */
		34E80F747F4EC2822662317B /* YaloChatDemo.app */ = {isa = PBXFileReference; includeInIndex = 0; lastKnownFileType = wrapper.application; path = YaloChatDemo.app; sourceTree = BUILT_PRODUCTS_DIR; };
		49B107D91D1AC4FB50301691 /* ChatSdk.xcframework */ = {isa = PBXFileReference; lastKnownFileType = wrapper.xcframework; name = ChatSdk.xcframework; path = "../android-sdk/sdk/build/XCFrameworks/release/ChatSdk.xcframework"; sourceTree = "<group>"; };
		6C966BE803A724D942922CAA /* YaloChat.swift */ = {isa = PBXFileReference; lastKnownFileType = sourcecode.swift; path = YaloChat.swift; sourceTree = "<group>"; };
		83913A0C24BC4B8FD220EB07 /* Info.plist */ = {isa = PBXFileReference; lastKnownFileType = text.plist; path = Info.plist; sourceTree = "<group>"; };
		A3502AF3994D977BB2687443 /* YaloChatDemoApp.swift */ = {isa = PBXFileReference; lastKnownFileType = sourcecode.swift; path = YaloChatDemoApp.swift; sourceTree = "<group>"; };
		BA6524E179EB88397E204954 /* ContentView.swift */ = {isa = PBXFileReference; lastKnownFileType = sourcecode.swift; path = ContentView.swift; sourceTree = "<group>"; };
		EAE541740117006132C1A380 /* Credentials.swift */ = {isa = PBXFileReference; lastKnownFileType = sourcecode.swift; path = Credentials.swift; sourceTree = "<group>"; };
/* End PBXFileReference section */

/* Begin PBXFrameworksBuildPhase section */
		F01839D22CEC480BB22E7A08 /* Frameworks */ = {
			isa = PBXFrameworksBuildPhase;
			buildActionMask = 2147483647;
			files = (
				293282042EBD6BFA90E3A048 /* ChatSdk.xcframework in Frameworks */,
			);
			runOnlyForDeploymentPostprocessing = 0;
		};
/* End PBXFrameworksBuildPhase section */

/* Begin PBXGroup section */
		244AB61E08D7C520123CEA59 = {
			isa = PBXGroup;
			children = (
				EFF4F2C90E18DCE164B40765 /* YaloChatDemo */,
				8F1B1DACD2BE547DFDAF6DD5 /* Frameworks */,
				BB141FD797CC0DB0BB4D8E87 /* Products */,
			);
			sourceTree = "<group>";
		};
		8F1B1DACD2BE547DFDAF6DD5 /* Frameworks */ = {
			isa = PBXGroup;
			children = (
				49B107D91D1AC4FB50301691 /* ChatSdk.xcframework */,
			);
			name = Frameworks;
			sourceTree = "<group>";
		};
		BB141FD797CC0DB0BB4D8E87 /* Products */ = {
			isa = PBXGroup;
			children = (
				34E80F747F4EC2822662317B /* YaloChatDemo.app */,
			);
			name = Products;
			sourceTree = "<group>";
		};
		EFF4F2C90E18DCE164B40765 /* YaloChatDemo */ = {
			isa = PBXGroup;
			children = (
				BA6524E179EB88397E204954 /* ContentView.swift */,
				EAE541740117006132C1A380 /* Credentials.swift */,
				83913A0C24BC4B8FD220EB07 /* Info.plist */,
				6C966BE803A724D942922CAA /* YaloChat.swift */,
				A3502AF3994D977BB2687443 /* YaloChatDemoApp.swift */,
			);
			path = YaloChatDemo;
			sourceTree = "<group>";
		};
/* End PBXGroup section */

/* Begin PBXNativeTarget section */
		06E5BB456BC7FCA3BD513B85 /* YaloChatDemo */ = {
			isa = PBXNativeTarget;
			buildConfigurationList = F93A0F24576A972127FF74D9 /* Build configuration list for PBXNativeTarget "YaloChatDemo" */;
			buildPhases = (
				99083C9C646CE6D473F49E2E /* Sources */,
				F01839D22CEC480BB22E7A08 /* Frameworks */,
				065FDEBDB472A792738FDE77 /* Embed Frameworks */,
			);
			buildRules = (
			);
			dependencies = (
			);
			name = YaloChatDemo;
			packageProductDependencies = (
			);
			productName = YaloChatDemo;
			productReference = 34E80F747F4EC2822662317B /* YaloChatDemo.app */;
			productType = "com.apple.product-type.application";
		};
/* End PBXNativeTarget section */

/* Begin PBXProject section */
		1046C4FC9386D7368463ED6E /* Project object */ = {
			isa = PBXProject;
			attributes = {
				BuildIndependentTargetsInParallel = YES;
				LastUpgradeCheck = 1600;
				TargetAttributes = {
					06E5BB456BC7FCA3BD513B85 = {
						DevelopmentTeam = "";
						ProvisioningStyle = Automatic;
					};
				};
			};
			buildConfigurationList = 9EC3BD97D9D25B450B7872B0 /* Build configuration list for PBXProject "YaloChatDemo" */;
			developmentRegion = en;
			hasScannedForEncodings = 0;
			knownRegions = (
				Base,
				en,
			);
			mainGroup = 244AB61E08D7C520123CEA59;
			minimizedProjectReferenceProxies = 1;
			preferredProjectObjectVersion = 77;
			productRefGroup = BB141FD797CC0DB0BB4D8E87 /* Products */;
			projectDirPath = "";
			projectRoot = "";
			targets = (
				06E5BB456BC7FCA3BD513B85 /* YaloChatDemo */,
			);
		};
/* End PBXProject section */

/* Begin PBXSourcesBuildPhase section */
		99083C9C646CE6D473F49E2E /* Sources */ = {
			isa = PBXSourcesBuildPhase;
			buildActionMask = 2147483647;
			files = (
				E65E5168702C7E1DFC950C7C /* ContentView.swift in Sources */,
				E87B26E53C6C69473298A5A5 /* Credentials.swift in Sources */,
				6F5A5B00189F413AC54EB39E /* YaloChat.swift in Sources */,
				674DB9AB8BB94548B4659911 /* YaloChatDemoApp.swift in Sources */,
			);
			runOnlyForDeploymentPostprocessing = 0;
		};
/* End PBXSourcesBuildPhase section */

/* Begin XCBuildConfiguration section */
		23E661A384529B623570DBB2 /* Release */ = {
			isa = XCBuildConfiguration;
			buildSettings = {
				ALWAYS_SEARCH_USER_PATHS = NO;
				CLANG_ANALYZER_NONNULL = YES;
				CLANG_ANALYZER_NUMBER_OBJECT_CONVERSION = YES_AGGRESSIVE;
				CLANG_CXX_LANGUAGE_STANDARD = "gnu++14";
				CLANG_CXX_LIBRARY = "libc++";
				CLANG_ENABLE_MODULES = YES;
				CLANG_ENABLE_OBJC_ARC = YES;
				CLANG_ENABLE_OBJC_WEAK = YES;
				CLANG_WARN_BLOCK_CAPTURE_AUTORELEASING = YES;
				CLANG_WARN_BOOL_CONVERSION = YES;
				CLANG_WARN_COMMA = YES;
				CLANG_WARN_CONSTANT_CONVERSION = YES;
				CLANG_WARN_DEPRECATED_OBJC_IMPLEMENTATIONS = YES;
				CLANG_WARN_DIRECT_OBJC_ISA_USAGE = YES_ERROR;
				CLANG_WARN_DOCUMENTATION_COMMENTS = YES;
				CLANG_WARN_EMPTY_BODY = YES;
				CLANG_WARN_ENUM_CONVERSION = YES;
				CLANG_WARN_INFINITE_RECURSION = YES;
				CLANG_WARN_INT_CONVERSION = YES;
				CLANG_WARN_NON_LITERAL_NULL_CONVERSION = YES;
				CLANG_WARN_OBJC_IMPLICIT_RETAIN_SELF = YES;
				CLANG_WARN_OBJC_LITERAL_CONVERSION = YES;
				CLANG_WARN_OBJC_ROOT_CLASS = YES_ERROR;
				CLANG_WARN_QUOTED_INCLUDE_IN_FRAMEWORK_HEADER = YES;
				CLANG_WARN_RANGE_LOOP_ANALYSIS = YES;
				CLANG_WARN_STRICT_PROTOTYPES = YES;
				CLANG_WARN_SUSPICIOUS_MOVE = YES;
				CLANG_WARN_UNGUARDED_AVAILABILITY = YES_AGGRESSIVE;
				CLANG_WARN_UNREACHABLE_CODE = YES;
				CLANG_WARN__DUPLICATE_METHOD_MATCH = YES;
				COPY_PHASE_STRIP = NO;
				DEBUG_INFORMATION_FORMAT = "dwarf-with-dsym";
				ENABLE_NS_ASSERTIONS = NO;
				ENABLE_STRICT_OBJC_MSGSEND = YES;
				GCC_C_LANGUAGE_STANDARD = gnu11;
				GCC_NO_COMMON_BLOCKS = YES;
				GCC_WARN_64_TO_32_BIT_CONVERSION = YES;
				GCC_WARN_ABOUT_RETURN_TYPE = YES_ERROR;
				GCC_WARN_UNDECLARED_SELECTOR = YES;
				GCC_WARN_UNINITIALIZED_AUTOS = YES_AGGRESSIVE;
				GCC_WARN_UNUSED_FUNCTION = YES;
				GCC_WARN_UNUSED_VARIABLE = YES;
				IPHONEOS_DEPLOYMENT_TARGET = 15.0;
				MTL_ENABLE_DEBUG_INFO = NO;
				MTL_FAST_MATH = YES;
				PRODUCT_NAME = "$(TARGET_NAME)";
				SDKROOT = iphoneos;
				SWIFT_COMPILATION_MODE = wholemodule;
				SWIFT_OPTIMIZATION_LEVEL = "-O";
				SWIFT_VERSION = 5.0;
			};
			name = Release;
		};
		A2B708BCF0D22F56A195D74A /* Release */ = {
			isa = XCBuildConfiguration;
			buildSettings = {
				ASSETCATALOG_COMPILER_APPICON_NAME = AppIcon;
				CODE_SIGN_IDENTITY = "iPhone Developer";
				CODE_SIGN_STYLE = Automatic;
				DEVELOPMENT_TEAM = "";
				FRAMEWORK_SEARCH_PATHS = (
					"$(inherited)",
					"\"../android-sdk/sdk/build/XCFrameworks/release\"",
				);
				INFOPLIST_FILE = YaloChatDemo/Info.plist;
				IPHONEOS_DEPLOYMENT_TARGET = 15.0;
				LD_RUNPATH_SEARCH_PATHS = (
					"$(inherited)",
					"@executable_path/Frameworks",
				);
				PRODUCT_BUNDLE_IDENTIFIER = com.yalo.chat.demo;
				SDKROOT = iphoneos;
				SWIFT_VERSION = 5.9;
				TARGETED_DEVICE_FAMILY = "1,2";
			};
			name = Release;
		};
		E378F72A36B55006BCC1167B /* Debug */ = {
			isa = XCBuildConfiguration;
			buildSettings = {
				ASSETCATALOG_COMPILER_APPICON_NAME = AppIcon;
				CODE_SIGN_IDENTITY = "iPhone Developer";
				CODE_SIGN_STYLE = Automatic;
				DEVELOPMENT_TEAM = "";
				FRAMEWORK_SEARCH_PATHS = (
					"$(inherited)",
					"\"../android-sdk/sdk/build/XCFrameworks/release\"",
				);
				INFOPLIST_FILE = YaloChatDemo/Info.plist;
				IPHONEOS_DEPLOYMENT_TARGET = 15.0;
				LD_RUNPATH_SEARCH_PATHS = (
					"$(inherited)",
					"@executable_path/Frameworks",
				);
				PRODUCT_BUNDLE_IDENTIFIER = com.yalo.chat.demo;
				SDKROOT = iphoneos;
				SWIFT_VERSION = 5.9;
				TARGETED_DEVICE_FAMILY = "1,2";
			};
			name = Debug;
		};
		FDEDA0D4301CDF9F76185CE3 /* Debug */ = {
			isa = XCBuildConfiguration;
			buildSettings = {
				ALWAYS_SEARCH_USER_PATHS = NO;
				CLANG_ANALYZER_NONNULL = YES;
				CLANG_ANALYZER_NUMBER_OBJECT_CONVERSION = YES_AGGRESSIVE;
				CLANG_CXX_LANGUAGE_STANDARD = "gnu++14";
				CLANG_CXX_LIBRARY = "libc++";
				CLANG_ENABLE_MODULES = YES;
				CLANG_ENABLE_OBJC_ARC = YES;
				CLANG_ENABLE_OBJC_WEAK = YES;
				CLANG_WARN_BLOCK_CAPTURE_AUTORELEASING = YES;
				CLANG_WARN_BOOL_CONVERSION = YES;
				CLANG_WARN_COMMA = YES;
				CLANG_WARN_CONSTANT_CONVERSION = YES;
				CLANG_WARN_DEPRECATED_OBJC_IMPLEMENTATIONS = YES;
				CLANG_WARN_DIRECT_OBJC_ISA_USAGE = YES_ERROR;
				CLANG_WARN_DOCUMENTATION_COMMENTS = YES;
				CLANG_WARN_EMPTY_BODY = YES;
				CLANG_WARN_ENUM_CONVERSION = YES;
				CLANG_WARN_INFINITE_RECURSION = YES;
				CLANG_WARN_INT_CONVERSION = YES;
				CLANG_WARN_NON_LITERAL_NULL_CONVERSION = YES;
				CLANG_WARN_OBJC_IMPLICIT_RETAIN_SELF = YES;
				CLANG_WARN_OBJC_LITERAL_CONVERSION = YES;
				CLANG_WARN_OBJC_ROOT_CLASS = YES_ERROR;
				CLANG_WARN_QUOTED_INCLUDE_IN_FRAMEWORK_HEADER = YES;
				CLANG_WARN_RANGE_LOOP_ANALYSIS = YES;
				CLANG_WARN_STRICT_PROTOTYPES = YES;
				CLANG_WARN_SUSPICIOUS_MOVE = YES;
				CLANG_WARN_UNGUARDED_AVAILABILITY = YES_AGGRESSIVE;
				CLANG_WARN_UNREACHABLE_CODE = YES;
				CLANG_WARN__DUPLICATE_METHOD_MATCH = YES;
				COPY_PHASE_STRIP = NO;
				DEBUG_INFORMATION_FORMAT = dwarf;
				ENABLE_STRICT_OBJC_MSGSEND = YES;
				ENABLE_TESTABILITY = YES;
				GCC_C_LANGUAGE_STANDARD = gnu11;
				GCC_DYNAMIC_NO_PIC = NO;
				GCC_NO_COMMON_BLOCKS = YES;
				GCC_OPTIMIZATION_LEVEL = 0;
				GCC_PREPROCESSOR_DEFINITIONS = (
					"$(inherited)",
					"DEBUG=1",
				);
				GCC_WARN_64_TO_32_BIT_CONVERSION = YES;
				GCC_WARN_ABOUT_RETURN_TYPE = YES_ERROR;
				GCC_WARN_UNDECLARED_SELECTOR = YES;
				GCC_WARN_UNINITIALIZED_AUTOS = YES_AGGRESSIVE;
				GCC_WARN_UNUSED_FUNCTION = YES;
				GCC_WARN_UNUSED_VARIABLE = YES;
				IPHONEOS_DEPLOYMENT_TARGET = 15.0;
				MTL_ENABLE_DEBUG_INFO = INCLUDE_SOURCE;
				MTL_FAST_MATH = YES;
				ONLY_ACTIVE_ARCH = YES;
				PRODUCT_NAME = "$(TARGET_NAME)";
				SDKROOT = iphoneos;
				SWIFT_ACTIVE_COMPILATION_CONDITIONS = DEBUG;
				SWIFT_OPTIMIZATION_LEVEL = "-Onone";
				SWIFT_VERSION = 5.0;
			};
			name = Debug;
		};
/* End XCBuildConfiguration section */

/* Begin XCConfigurationList section */
		9EC3BD97D9D25B450B7872B0 /* Build configuration list for PBXProject "YaloChatDemo" */ = {
			isa = XCConfigurationList;
			buildConfigurations = (
				FDEDA0D4301CDF9F76185CE3 /* Debug */,
				23E661A384529B623570DBB2 /* Release */,
			);
			defaultConfigurationIsVisible = 0;
			defaultConfigurationName = Debug;
		};
		F93A0F24576A972127FF74D9 /* Build configuration list for PBXNativeTarget "YaloChatDemo" */ = {
			isa = XCConfigurationList;
			buildConfigurations = (
				E378F72A36B55006BCC1167B /* Debug */,
				A2B708BCF0D22F56A195D74A /* Release */,
			);
			defaultConfigurationIsVisible = 0;
			defaultConfigurationName = Debug;
		};
/* End XCConfigurationList section */
	};
	rootObject = 1046C4FC9386D7368463ED6E /* Project object */;
}
